{
  "nodes": {
    "brew-src": {
      "flake": false,
      "locked": {
        "lastModified": 1761551821,
        "narHash": "sha256-N3Zj73TAxclhLGgADbPVwcVrhYIBKUgAxjfQuOXre6s=",
        "owner": "Homebrew",
        "repo": "brew",
        "rev": "8f6719274133c5bcc24c058c5a6bcbb3b0cd48b3",
        "type": "github"
      },
      "original": {
        "owner": "Homebrew",
        "ref": "4.6.19",
        "repo": "brew",
        "type": "github"
      }
    },
    "homebrew-bundle": {
      "flake": false,
      "locked": {
        "lastModified": 1745335228,
        "narHash": "sha256-TIKR2UgtyUmHLNZp255/vLs+1I10hXe+sciMEbAGFwE=",
        "owner": "homebrew",
        "repo": "homebrew-bundle",
        "rev": "a3265c84b232e13048ecbf6fc18a2eedfadbeb08",
        "type": "github"
      },
      "original": {
        "owner": "homebrew",
        "repo": "homebrew-bundle",
        "type": "github"
      }
    },
    "homebrew-cask": {
      "flake": false,
      "locked": {
        "lastModified": 1762100550,
        "narHash": "sha256-wLt4uBbEFSuSlZm5ZgCasZIeF5Egfx10YBJ4uzn00hQ=",
        "owner": "homebrew",
        "repo": "homebrew-cask",
        "rev": "b9b98be385a5b74c6d965da8abcdafb1304c9118",
        "type": "github"
      },
      "original": {
        "owner": "homebrew",
        "repo": "homebrew-cask",
        "type": "github"
      }
    },
    "homebrew-core": {
      "flake": false,
      "locked": {
        "lastModified": 1762099332,
        "narHash": "sha256-IVGHHFg2WGwixSv8/RxysnBc4tNDbTITxEKocXhnCdA=",
        "owner": "homebrew",
        "repo": "homebrew-core",
        "rev": "ba2415f71f0d204f5b9bbcea29c0e0093bf2a74e",
        "type": "github"
      },
      "original": {
        "owner": "homebrew",
        "repo": "homebrew-core",
        "type": "github"
      }
    },
    "homebrew-services": {
      "flake": false,
      "locked": {
        "lastModified": 1742475690,
        "narHash": "sha256-qg3/+iHtnFe6VxGapisTatGnoH0XG4BnWWqwwzWYzk0=",
        "owner": "homebrew",
        "repo": "homebrew-services",
        "rev": "2c294ab9515576d961cea28c93148c6452db2def",
        "type": "github"
      },
      "original": {
        "owner": "homebrew",
        "repo": "homebrew-services",
        "type": "github"
      }
    },
    "nix-darwin": {
      "inputs": {
        "nixpkgs": [
          "nixpkgs"
        ]
      },
      "locked": {
        "lastModified": 1762039661,
        "narHash": "sha256-oM5BwAGE78IBLZn+AqxwH/saqwq3e926rNq5HmOulkc=",
        "owner": "LnL7",
        "repo": "nix-darwin",
        "rev": "c3c8c9f2a5ed43175ac4dc030308756620e6e4e4",
        "type": "github"
      },
      "original": {
        "owner": "LnL7",
        "repo": "nix-darwin",
        "type": "github"
      }
    },
    "nix-homebrew": {
      "inputs": {
        "brew-src": "brew-src"
      },
      "locked": {
        "lastModified": 1761927470,
        "narHash": "sha256-KsFDGRGD8j1R6TvJ4HkebKsh3HXLY0XazanLrhO3wqE=",
        "owner": "zhaofengli",
        "repo": "nix-homebrew",
        "rev": "3cae36b3a17b09a66435291619dce8cf2c4728ca",
        "type": "github"
      },
      "original": {
        "owner": "zhaofengli",
        "repo": "nix-homebrew",
        "type": "github"
      }
    },
    "nixpkgs": {
      "locked": {
        "lastModified": 1761880412,
        "narHash": "sha256-QoJjGd4NstnyOG4mm4KXF+weBzA2AH/7gn1Pmpfcb0A=",
        "owner": "NixOS",
        "repo": "nixpkgs",
        "rev": "a7fc11be66bdfb5cdde611ee5ce381c183da8386",
        "type": "github"
      },
      "original": {
        "owner": "NixOS",
        "ref": "nixpkgs-unstable",
        "repo": "nixpkgs",
        "type": "github"
      }
    },
    "root": {
      "inputs": {
        "homebrew-bundle": "homebrew-bundle",
        "homebrew-cask": "homebrew-cask",
        "homebrew-core": "homebrew-core",
        "homebrew-services": "homebrew-services",
        "nix-darwin": "nix-darwin",
        "nix-homebrew": "nix-homebrew",
        "nixpkgs": "nixpkgs",
        "shivammathur-extensions": "shivammathur-extensions",
        "shivammathur-php": "shivammathur-php"
      }
    },
    "shivammathur-extensions": {
      "flake": false,
      "locked": {
        "lastModified": 1761847649,
        "narHash": "sha256-8h/cIs5ymhdvJ2RLx2sFOxZof8mAyDrDcbg85TKOFWY=",
        "owner": "shivammathur",
        "repo": "homebrew-extensions",
        "rev": "f3f11f9bf954033b70fbd70a9e4432d2e6c3110e",
        "type": "github"
      },
      "original": {
        "owner": "shivammathur",
        "repo": "homebrew-extensions",
        "type": "github"
      }
    },
    "shivammathur-php": {
      "flake": false,
      "locked": {
        "lastModified": 1761995090,
        "narHash": "sha256-U7zjD5WK99RpU+urU8CNH6dUselK4V8pJO+Buv3yR3U=",
        "owner": "shivammathur",
        "repo": "homebrew-php",
        "rev": "380cc3479123494c6177e876d9636e2908491953",
        "type": "github"
      },
      "original": {
        "owner": "shivammathur",
        "repo": "homebrew-php",
        "type": "github"
      }
    }
  },
  "root": "root",
  "version": 7
}
