{
  "nodes": {
    "brew-src": {
      "flake": false,
      "locked": {
        "lastModified": 1763638478,
        "narHash": "sha256-n/IMowE9S23ovmTkKX7KhxXC2Yq41EAVFR2FBIXPcT8=",
        "owner": "Homebrew",
        "repo": "brew",
        "rev": "fbfdbaba008189499958a7aeb1e2c36ab10c067d",
        "type": "github"
      },
      "original": {
        "owner": "Homebrew",
        "ref": "5.0.3",
        "repo": "brew",
        "type": "github"
      }
    },
    "homebrew-bundle": {
      "flake": false,
      "locked": {
        "lastModified": 1745335228,
        "narHash": "sha256-TIKR2UgtyUmHLNZp255/vLs+1I10hXe+sciMEbAGFwE=",
        "owner": "homebrew",
        "repo": "homebrew-bundle",
        "rev": "a3265c84b232e13048ecbf6fc18a2eedfadbeb08",
        "type": "github"
      },
      "original": {
        "owner": "homebrew",
        "repo": "homebrew-bundle",
        "type": "github"
      }
    },
    "homebrew-cask": {
      "flake": false,
      "locked": {
        "lastModified": 1766534622,
        "narHash": "sha256-SAg3/COuotVtcaR92l1sp9PlnkYvqjJAD4vAYUhjwVg=",
        "owner": "homebrew",
        "repo": "homebrew-cask",
        "rev": "d7d2a2ed0988ca82bc9cc2f46413328e33671217",
        "type": "github"
      },
      "original": {
        "owner": "homebrew",
        "repo": "homebrew-cask",
        "type": "github"
      }
    },
    "homebrew-core": {
      "flake": false,
      "locked": {
        "lastModified": 1766534623,
        "narHash": "sha256-W5DNyu8PL/9brgyd5g/aq92OYSdHHpYZlzYCLTVgiwY=",
        "owner": "homebrew",
        "repo": "homebrew-core",
        "rev": "d12f13b9c2409c019e9afb7a7460685ab46bfe97",
        "type": "github"
      },
      "original": {
        "owner": "homebrew",
        "repo": "homebrew-core",
        "type": "github"
      }
    },
    "homebrew-services": {
      "flake": false,
      "locked": {
        "lastModified": 1742475690,
        "narHash": "sha256-qg3/+iHtnFe6VxGapisTatGnoH0XG4BnWWqwwzWYzk0=",
        "owner": "homebrew",
        "repo": "homebrew-services",
        "rev": "2c294ab9515576d961cea28c93148c6452db2def",
        "type": "github"
      },
      "original": {
        "owner": "homebrew",
        "repo": "homebrew-services",
        "type": "github"
      }
    },
    "nix-darwin": {
      "inputs": {
        "nixpkgs": [
          "nixpkgs"
        ]
      },
      "locked": {
        "lastModified": 1766524813,
        "narHash": "sha256-N/sxS27+t9nGvGWqwwAceSMW/Y5ddcypS/aiTnZ7ScA=",
        "owner": "LnL7",
        "repo": "nix-darwin",
        "rev": "c2b36207f2c396c79dbed9d40536db221bd4e363",
        "type": "github"
      },
      "original": {
        "owner": "LnL7",
        "repo": "nix-darwin",
        "type": "github"
      }
    },
    "nix-homebrew": {
      "inputs": {
        "brew-src": "brew-src"
      },
      "locked": {
        "lastModified": 1764473698,
        "narHash": "sha256-C91gPgv6udN5WuIZWNehp8qdLqlrzX6iF/YyboOj6XI=",
        "owner": "zhaofengli",
        "repo": "nix-homebrew",
        "rev": "6a8ab60bfd66154feeaa1021fc3b32684814a62a",
        "type": "github"
      },
      "original": {
        "owner": "zhaofengli",
        "repo": "nix-homebrew",
        "type": "github"
      }
    },
    "nixpkgs": {
      "locked": {
        "lastModified": 1766471942,
        "narHash": "sha256-Wv+xrUNXgtxAXAMZE3EDzzeRgN1MEw+PnKr8zDozeLU=",
        "owner": "NixOS",
        "repo": "nixpkgs",
        "rev": "cfc52a405c6e85462364651a8f11e28ae8065c91",
        "type": "github"
      },
      "original": {
        "owner": "NixOS",
        "ref": "nixpkgs-unstable",
        "repo": "nixpkgs",
        "type": "github"
      }
    },
    "root": {
      "inputs": {
        "homebrew-bundle": "homebrew-bundle",
        "homebrew-cask": "homebrew-cask",
        "homebrew-core": "homebrew-core",
        "homebrew-services": "homebrew-services",
        "nix-darwin": "nix-darwin",
        "nix-homebrew": "nix-homebrew",
        "nixpkgs": "nixpkgs",
        "shivammathur-extensions": "shivammathur-extensions",
        "shivammathur-php": "shivammathur-php"
      }
    },
    "shivammathur-extensions": {
      "flake": false,
      "locked": {
        "lastModified": 1766348218,
        "narHash": "sha256-PeAuiyCy5qOaSv6s9F0+dKxqkKy+p3RTdQP/aA3lNvE=",
        "owner": "shivammathur",
        "repo": "homebrew-extensions",
        "rev": "28955625c56e4ca8cadf4c5b4ed917d83e9b08ec",
        "type": "github"
      },
      "original": {
        "owner": "shivammathur",
        "repo": "homebrew-extensions",
        "type": "github"
      }
    },
    "shivammathur-php": {
      "flake": false,
      "locked": {
        "lastModified": 1766453644,
        "narHash": "sha256-txuqy4xL8Oqt18M6vQEVcZfjfi13O6aJJbPSBmGgoOE=",
        "owner": "shivammathur",
        "repo": "homebrew-php",
        "rev": "824ccf06e23f555598ca1e3d9912bcfa431152d7",
        "type": "github"
      },
      "original": {
        "owner": "shivammathur",
        "repo": "homebrew-php",
        "type": "github"
      }
    }
  },
  "root": "root",
  "version": 7
}
